// !$*UTF8*$!
{
	archiveVersion = 1;
	classes = {
	};
	objectVersion = 55;
	objects = {

/* Begin PBXBuildFile section */
		04584330284447F600541261 /* AppDelegate.swift in Sources */ = {isa = PBXBuildFile; fileRef = 0458432F284447F600541261 /* AppDelegate.swift */; };
		04584332284447F600541261 /* SceneDelegate.swift in Sources */ = {isa = PBXBuildFile; fileRef = 04584331284447F600541261 /* SceneDelegate.swift */; };
		04584334284447F600541261 /* HomeViewController.swift in Sources */ = {isa = PBXBuildFile; fileRef = 04584333284447F600541261 /* HomeViewController.swift */; };
		04584337284447F600541261 /* Main.storyboard in Resources */ = {isa = PBXBuildFile; fileRef = 04584335284447F600541261 /* Main.storyboard */; };
		04584339284447F800541261 /* Assets.xcassets in Resources */ = {isa = PBXBuildFile; fileRef = 04584338284447F800541261 /* Assets.xcassets */; };
		0458433C284447F800541261 /* LaunchScreen.storyboard in Resources */ = {isa = PBXBuildFile; fileRef = 0458433A284447F800541261 /* LaunchScreen.storyboard */; };
		0458434B2844491600541261 /* ExploreViewController.swift in Sources */ = {isa = PBXBuildFile; fileRef = 0458434A2844491600541261 /* ExploreViewController.swift */; };
		0458434D2844492200541261 /* CameraViewController.swift in Sources */ = {isa = PBXBuildFile; fileRef = 0458434C2844492200541261 /* CameraViewController.swift */; };
		045843502844493700541261 /* NotificationsViewController.swift in Sources */ = {isa = PBXBuildFile; fileRef = 0458434F2844493700541261 /* NotificationsViewController.swift */; };
		045843522844494300541261 /* ProfileViewController.swift in Sources */ = {isa = PBXBuildFile; fileRef = 045843512844494300541261 /* ProfileViewController.swift */; };
		04584355284449F500541261 /* LoginViewController.swift in Sources */ = {isa = PBXBuildFile; fileRef = 04584354284449F500541261 /* LoginViewController.swift */; };
		0458435728444A1900541261 /* RegistrationViewController.swift in Sources */ = {isa = PBXBuildFile; fileRef = 0458435628444A1900541261 /* RegistrationViewController.swift */; };
		0458435928444A5C00541261 /* PostViewController.swift in Sources */ = {isa = PBXBuildFile; fileRef = 0458435828444A5C00541261 /* PostViewController.swift */; };
		0458435B28444A8500541261 /* EditProfileViewController.swift in Sources */ = {isa = PBXBuildFile; fileRef = 0458435A28444A8500541261 /* EditProfileViewController.swift */; };
		0458435D28444A9A00541261 /* SettingsViewController.swift in Sources */ = {isa = PBXBuildFile; fileRef = 0458435C28444A9A00541261 /* SettingsViewController.swift */; };
		0458435F28444AB100541261 /* ListViewController.swift in Sources */ = {isa = PBXBuildFile; fileRef = 0458435E28444AB100541261 /* ListViewController.swift */; };
		0458436128444AEB00541261 /* SearchViewController.swift in Sources */ = {isa = PBXBuildFile; fileRef = 0458436028444AEB00541261 /* SearchViewController.swift */; };
		0458436328444B1100541261 /* SearchResultViewController.swift in Sources */ = {isa = PBXBuildFile; fileRef = 0458436228444B1100541261 /* SearchResultViewController.swift */; };
		0458436528444BA200541261 /* PostEditorViewController.swift in Sources */ = {isa = PBXBuildFile; fileRef = 0458436428444BA200541261 /* PostEditorViewController.swift */; };
		0458436728444BC100541261 /* PublishPostViewController.swift in Sources */ = {isa = PBXBuildFile; fileRef = 0458436628444BC100541261 /* PublishPostViewController.swift */; };
/* End PBXBuildFile section */

/* Begin PBXFileReference section */
		0458432C284447F600541261 /* Instargam-clone.app */ = {isa = PBXFileReference; explicitFileType = wrapper.application; includeInIndex = 0; path = "Instargam-clone.app"; sourceTree = BUILT_PRODUCTS_DIR; };
		0458432F284447F600541261 /* AppDelegate.swift */ = {isa = PBXFileReference; lastKnownFileType = sourcecode.swift; path = AppDelegate.swift; sourceTree = "<group>"; };
		04584331284447F600541261 /* SceneDelegate.swift */ = {isa = PBXFileReference; lastKnownFileType = sourcecode.swift; path = SceneDelegate.swift; sourceTree = "<group>"; };
		04584333284447F600541261 /* HomeViewController.swift */ = {isa = PBXFileReference; lastKnownFileType = sourcecode.swift; path = HomeViewController.swift; sourceTree = "<group>"; };
		04584336284447F600541261 /* Base */ = {isa = PBXFileReference; lastKnownFileType = file.storyboard; name = Base; path = Base.lproj/Main.storyboard; sourceTree = "<group>"; };
		04584338284447F800541261 /* Assets.xcassets */ = {isa = PBXFileReference; lastKnownFileType = folder.assetcatalog; path = Assets.xcassets; sourceTree = "<group>"; };
		0458433B284447F800541261 /* Base */ = {isa = PBXFileReference; lastKnownFileType = file.storyboard; name = Base; path = Base.lproj/LaunchScreen.storyboard; sourceTree = "<group>"; };
		0458433D284447F800541261 /* Info.plist */ = {isa = PBXFileReference; lastKnownFileType = text.plist.xml; path = Info.plist; sourceTree = "<group>"; };
		0458434A2844491600541261 /* ExploreViewController.swift */ = {isa = PBXFileReference; lastKnownFileType = sourcecode.swift; path = ExploreViewController.swift; sourceTree = "<group>"; };
		0458434C2844492200541261 /* CameraViewController.swift */ = {isa = PBXFileReference; lastKnownFileType = sourcecode.swift; path = CameraViewController.swift; sourceTree = "<group>"; };
		0458434F2844493700541261 /* NotificationsViewController.swift */ = {isa = PBXFileReference; lastKnownFileType = sourcecode.swift; path = NotificationsViewController.swift; sourceTree = "<group>"; };
		045843512844494300541261 /* ProfileViewController.swift */ = {isa = PBXFileReference; lastKnownFileType = sourcecode.swift; path = ProfileViewController.swift; sourceTree = "<group>"; };
		04584354284449F500541261 /* LoginViewController.swift */ = {isa = PBXFileReference; lastKnownFileType = sourcecode.swift; path = LoginViewController.swift; sourceTree = "<group>"; };
		0458435628444A1900541261 /* RegistrationViewController.swift */ = {isa = PBXFileReference; lastKnownFileType = sourcecode.swift; path = RegistrationViewController.swift; sourceTree = "<group>"; };
		0458435828444A5C00541261 /* PostViewController.swift */ = {isa = PBXFileReference; lastKnownFileType = sourcecode.swift; path = PostViewController.swift; sourceTree = "<group>"; };
		0458435A28444A8500541261 /* EditProfileViewController.swift */ = {isa = PBXFileReference; lastKnownFileType = sourcecode.swift; path = EditProfileViewController.swift; sourceTree = "<group>"; };
		0458435C28444A9A00541261 /* SettingsViewController.swift */ = {isa = PBXFileReference; lastKnownFileType = sourcecode.swift; path = SettingsViewController.swift; sourceTree = "<group>"; };
		0458435E28444AB100541261 /* ListViewController.swift */ = {isa = PBXFileReference; lastKnownFileType = sourcecode.swift; path = ListViewController.swift; sourceTree = "<group>"; };
		0458436028444AEB00541261 /* SearchViewController.swift */ = {isa = PBXFileReference; lastKnownFileType = sourcecode.swift; path = SearchViewController.swift; sourceTree = "<group>"; };
		0458436228444B1100541261 /* SearchResultViewController.swift */ = {isa = PBXFileReference; lastKnownFileType = sourcecode.swift; path = SearchResultViewController.swift; sourceTree = "<group>"; };
		0458436428444BA200541261 /* PostEditorViewController.swift */ = {isa = PBXFileReference; lastKnownFileType = sourcecode.swift; path = PostEditorViewController.swift; sourceTree = "<group>"; };
		0458436628444BC100541261 /* PublishPostViewController.swift */ = {isa = PBXFileReference; lastKnownFileType = sourcecode.swift; path = PublishPostViewController.swift; sourceTree = "<group>"; };
/* End PBXFileReference section */

/* Begin PBXFrameworksBuildPhase section */
		04584329284447F600541261 /* Frameworks */ = {
			isa = PBXFrameworksBuildPhase;
			buildActionMask = 2147483647;
			files = (
			);
			runOnlyForDeploymentPostprocessing = 0;
		};
/* End PBXFrameworksBuildPhase section */

/* Begin PBXGroup section */
		04584323284447F600541261 = {
			isa = PBXGroup;
			children = (
				0458432E284447F600541261 /* Instargam-clone */,
				0458432D284447F600541261 /* Products */,
			);
			sourceTree = "<group>";
		};
		0458432D284447F600541261 /* Products */ = {
			isa = PBXGroup;
			children = (
				0458432C284447F600541261 /* Instargam-clone.app */,
			);
			name = Products;
			sourceTree = "<group>";
		};
		0458432E284447F600541261 /* Instargam-clone */ = {
			isa = PBXGroup;
			children = (
				04584349284448D800541261 /* Recources */,
				045843452844485600541261 /* Controllers */,
				045843442844485100541261 /* Models */,
				045843432844484B00541261 /* Views */,
				0458433D284447F800541261 /* Info.plist */,
			);
			path = "Instargam-clone";
			sourceTree = "<group>";
		};
		045843432844484B00541261 /* Views */ = {
			isa = PBXGroup;
			children = (
				04584348284448A800541261 /* Storyboards */,
				04584338284447F800541261 /* Assets.xcassets */,
			);
			path = Views;
			sourceTree = "<group>";
		};
		045843442844485100541261 /* Models */ = {
			isa = PBXGroup;
			children = (
			);
			path = Models;
			sourceTree = "<group>";
		};
		045843452844485600541261 /* Controllers */ = {
			isa = PBXGroup;
			children = (
				045843472844486900541261 /* Others */,
				045843462844485F00541261 /* Core Controllers */,
			);
			path = Controllers;
			sourceTree = "<group>";
		};
		045843462844485F00541261 /* Core Controllers */ = {
			isa = PBXGroup;
			children = (
				04584333284447F600541261 /* HomeViewController.swift */,
				0458434A2844491600541261 /* ExploreViewController.swift */,
				0458434C2844492200541261 /* CameraViewController.swift */,
				0458434F2844493700541261 /* NotificationsViewController.swift */,
				045843512844494300541261 /* ProfileViewController.swift */,
			);
			path = "Core Controllers";
			sourceTree = "<group>";
		};
		045843472844486900541261 /* Others */ = {
			isa = PBXGroup;
			children = (
				045843532844496B00541261 /* Onboarding */,
				0458435828444A5C00541261 /* PostViewController.swift */,
				0458435A28444A8500541261 /* EditProfileViewController.swift */,
				0458435C28444A9A00541261 /* SettingsViewController.swift */,
				0458435E28444AB100541261 /* ListViewController.swift */,
				0458436028444AEB00541261 /* SearchViewController.swift */,
				0458436228444B1100541261 /* SearchResultViewController.swift */,
				0458436428444BA200541261 /* PostEditorViewController.swift */,
				0458436628444BC100541261 /* PublishPostViewController.swift */,
			);
			path = Others;
			sourceTree = "<group>";
		};
		04584348284448A800541261 /* Storyboards */ = {
			isa = PBXGroup;
			children = (
				04584335284447F600541261 /* Main.storyboard */,
				0458433A284447F800541261 /* LaunchScreen.storyboard */,
			);
			path = Storyboards;
			sourceTree = "<group>";
		};
		04584349284448D800541261 /* Recources */ = {
			isa = PBXGroup;
			children = (
				0458432F284447F600541261 /* AppDelegate.swift */,
				04584331284447F600541261 /* SceneDelegate.swift */,
			);
			path = Recources;
			sourceTree = "<group>";
		};
		045843532844496B00541261 /* Onboarding */ = {
			isa = PBXGroup;
			children = (
				04584354284449F500541261 /* LoginViewController.swift */,
				0458435628444A1900541261 /* RegistrationViewController.swift */,
			);
			path = Onboarding;
			sourceTree = "<group>";
		};
/* End PBXGroup section */

/* Begin PBXNativeTarget section */
		0458432B284447F600541261 /* Instargam-clone */ = {
			isa = PBXNativeTarget;
			buildConfigurationList = 04584340284447F800541261 /* Build configuration list for PBXNativeTarget "Instargam-clone" */;
			buildPhases = (
				04584328284447F600541261 /* Sources */,
				04584329284447F600541261 /* Frameworks */,
				0458432A284447F600541261 /* Resources */,
			);
			buildRules = (
			);
			dependencies = (
			);
			name = "Instargam-clone";
			productName = "Instargam-clone";
			productReference = 0458432C284447F600541261 /* Instargam-clone.app */;
			productType = "com.apple.product-type.application";
		};
/* End PBXNativeTarget section */

/* Begin PBXProject section */
		04584324284447F600541261 /* Project object */ = {
			isa = PBXProject;
			attributes = {
				BuildIndependentTargetsInParallel = 1;
				LastSwiftUpdateCheck = 1320;
				LastUpgradeCheck = 1320;
				TargetAttributes = {
					0458432B284447F600541261 = {
						CreatedOnToolsVersion = 13.2.1;
					};
				};
			};
			buildConfigurationList = 04584327284447F600541261 /* Build configuration list for PBXProject "Instargam-clone" */;
			compatibilityVersion = "Xcode 13.0";
			developmentRegion = en;
			hasScannedForEncodings = 0;
			knownRegions = (
				en,
				Base,
			);
			mainGroup = 04584323284447F600541261;
			productRefGroup = 0458432D284447F600541261 /* Products */;
			projectDirPath = "";
			projectRoot = "";
			targets = (
				0458432B284447F600541261 /* Instargam-clone */,
			);
		};
/* End PBXProject section */

/* Begin PBXResourcesBuildPhase section */
		0458432A284447F600541261 /* Resources */ = {
			isa = PBXResourcesBuildPhase;
			buildActionMask = 2147483647;
			files = (
				0458433C284447F800541261 /* LaunchScreen.storyboard in Resources */,
				04584339284447F800541261 /* Assets.xcassets in Resources */,
				04584337284447F600541261 /* Main.storyboard in Resources */,
			);
			runOnlyForDeploymentPostprocessing = 0;
		};
/* End PBXResourcesBuildPhase section */

/* Begin PBXSourcesBuildPhase section */
		04584328284447F600541261 /* Sources */ = {
			isa = PBXSourcesBuildPhase;
			buildActionMask = 2147483647;
			files = (
				0458435B28444A8500541261 /* EditProfileViewController.swift in Sources */,
				0458434B2844491600541261 /* ExploreViewController.swift in Sources */,
				0458436728444BC100541261 /* PublishPostViewController.swift in Sources */,
				0458434D2844492200541261 /* CameraViewController.swift in Sources */,
				04584334284447F600541261 /* HomeViewController.swift in Sources */,
				0458435728444A1900541261 /* RegistrationViewController.swift in Sources */,
				0458436528444BA200541261 /* PostEditorViewController.swift in Sources */,
				0458435928444A5C00541261 /* PostViewController.swift in Sources */,
				045843502844493700541261 /* NotificationsViewController.swift in Sources */,
				0458436328444B1100541261 /* SearchResultViewController.swift in Sources */,
				04584355284449F500541261 /* LoginViewController.swift in Sources */,
				0458436128444AEB00541261 /* SearchViewController.swift in Sources */,
				045843522844494300541261 /* ProfileViewController.swift in Sources */,
				04584330284447F600541261 /* AppDelegate.swift in Sources */,
				04584332284447F600541261 /* SceneDelegate.swift in Sources */,
				0458435F28444AB100541261 /* ListViewController.swift in Sources */,
				0458435D28444A9A00541261 /* SettingsViewController.swift in Sources */,
			);
			runOnlyForDeploymentPostprocessing = 0;
		};
/* End PBXSourcesBuildPhase section */

/* Begin PBXVariantGroup section */
		04584335284447F600541261 /* Main.storyboard */ = {
			isa = PBXVariantGroup;
			children = (
				04584336284447F600541261 /* Base */,
			);
			name = Main.storyboard;
			sourceTree = "<group>";
		};
		0458433A284447F800541261 /* LaunchScreen.storyboard */ = {
			isa = PBXVariantGroup;
			children = (
				0458433B284447F800541261 /* Base */,
			);
			name = LaunchScreen.storyboard;
			sourceTree = "<group>";
		};
/* End PBXVariantGroup section */

/* Begin XCBuildConfiguration section */
		0458433E284447F800541261 /* Debug */ = {
			isa = XCBuildConfiguration;
			buildSettings = {
				ALWAYS_SEARCH_USER_PATHS = NO;
				CLANG_ANALYZER_NONNULL = YES;
				CLANG_ANALYZER_NUMBER_OBJECT_CONVERSION = YES_AGGRESSIVE;
				CLANG_CXX_LANGUAGE_STANDARD = "gnu++17";
				CLANG_CXX_LIBRARY = "libc++";
				CLANG_ENABLE_MODULES = YES;
				CLANG_ENABLE_OBJC_ARC = YES;
				CLANG_ENABLE_OBJC_WEAK = YES;
				CLANG_WARN_BLOCK_CAPTURE_AUTORELEASING = YES;
				CLANG_WARN_BOOL_CONVERSION = YES;
				CLANG_WARN_COMMA = YES;
				CLANG_WARN_CONSTANT_CONVERSION = YES;
				CLANG_WARN_DEPRECATED_OBJC_IMPLEMENTATIONS = YES;
				CLANG_WARN_DIRECT_OBJC_ISA_USAGE = YES_ERROR;
				CLANG_WARN_DOCUMENTATION_COMMENTS = YES;
				CLANG_WARN_EMPTY_BODY = YES;
				CLANG_WARN_ENUM_CONVERSION = YES;
				CLANG_WARN_INFINITE_RECURSION = YES;
				CLANG_WARN_INT_CONVERSION = YES;
				CLANG_WARN_NON_LITERAL_NULL_CONVERSION = YES;
				CLANG_WARN_OBJC_IMPLICIT_RETAIN_SELF = YES;
				CLANG_WARN_OBJC_LITERAL_CONVERSION = YES;
				CLANG_WARN_OBJC_ROOT_CLASS = YES_ERROR;
				CLANG_WARN_QUOTED_INCLUDE_IN_FRAMEWORK_HEADER = YES;
				CLANG_WARN_RANGE_LOOP_ANALYSIS = YES;
				CLANG_WARN_STRICT_PROTOTYPES = YES;
				CLANG_WARN_SUSPICIOUS_MOVE = YES;
				CLANG_WARN_UNGUARDED_AVAILABILITY = YES_AGGRESSIVE;
				CLANG_WARN_UNREACHABLE_CODE = YES;
				CLANG_WARN__DUPLICATE_METHOD_MATCH = YES;
				COPY_PHASE_STRIP = NO;
				DEBUG_INFORMATION_FORMAT = dwarf;
				ENABLE_STRICT_OBJC_MSGSEND = YES;
				ENABLE_TESTABILITY = YES;
				GCC_C_LANGUAGE_STANDARD = gnu11;
				GCC_DYNAMIC_NO_PIC = NO;
				GCC_NO_COMMON_BLOCKS = YES;
				GCC_OPTIMIZATION_LEVEL = 0;
				GCC_PREPROCESSOR_DEFINITIONS = (
					"DEBUG=1",
					"$(inherited)",
				);
				GCC_WARN_64_TO_32_BIT_CONVERSION = YES;
				GCC_WARN_ABOUT_RETURN_TYPE = YES_ERROR;
				GCC_WARN_UNDECLARED_SELECTOR = YES;
				GCC_WARN_UNINITIALIZED_AUTOS = YES_AGGRESSIVE;
				GCC_WARN_UNUSED_FUNCTION = YES;
				GCC_WARN_UNUSED_VARIABLE = YES;
				IPHONEOS_DEPLOYMENT_TARGET = 15.2;
				MTL_ENABLE_DEBUG_INFO = INCLUDE_SOURCE;
				MTL_FAST_MATH = YES;
				ONLY_ACTIVE_ARCH = YES;
				SDKROOT = iphoneos;
				SWIFT_ACTIVE_COMPILATION_CONDITIONS = DEBUG;
				SWIFT_OPTIMIZATION_LEVEL = "-Onone";
			};
			name = Debug;
		};
		0458433F284447F800541261 /* Release */ = {
			isa = XCBuildConfiguration;
			buildSettings = {
				ALWAYS_SEARCH_USER_PATHS = NO;
				CLANG_ANALYZER_NONNULL = YES;
				CLANG_ANALYZER_NUMBER_OBJECT_CONVERSION = YES_AGGRESSIVE;
				CLANG_CXX_LANGUAGE_STANDARD = "gnu++17";
				CLANG_CXX_LIBRARY = "libc++";
				CLANG_ENABLE_MODULES = YES;
				CLANG_ENABLE_OBJC_ARC = YES;
				CLANG_ENABLE_OBJC_WEAK = YES;
				CLANG_WARN_BLOCK_CAPTURE_AUTORELEASING = YES;
				CLANG_WARN_BOOL_CONVERSION = YES;
				CLANG_WARN_COMMA = YES;
				CLANG_WARN_CONSTANT_CONVERSION = YES;
				CLANG_WARN_DEPRECATED_OBJC_IMPLEMENTATIONS = YES;
				CLANG_WARN_DIRECT_OBJC_ISA_USAGE = YES_ERROR;
				CLANG_WARN_DOCUMENTATION_COMMENTS = YES;
				CLANG_WARN_EMPTY_BODY = YES;
				CLANG_WARN_ENUM_CONVERSION = YES;
				CLANG_WARN_INFINITE_RECURSION = YES;
				CLANG_WARN_INT_CONVERSION = YES;
				CLANG_WARN_NON_LITERAL_NULL_CONVERSION = YES;
				CLANG_WARN_OBJC_IMPLICIT_RETAIN_SELF = YES;
				CLANG_WARN_OBJC_LITERAL_CONVERSION = YES;
				CLANG_WARN_OBJC_ROOT_CLASS = YES_ERROR;
				CLANG_WARN_QUOTED_INCLUDE_IN_FRAMEWORK_HEADER = YES;
				CLANG_WARN_RANGE_LOOP_ANALYSIS = YES;
				CLANG_WARN_STRICT_PROTOTYPES = YES;
				CLANG_WARN_SUSPICIOUS_MOVE = YES;
				CLANG_WARN_UNGUARDED_AVAILABILITY = YES_AGGRESSIVE;
				CLANG_WARN_UNREACHABLE_CODE = YES;
				CLANG_WARN__DUPLICATE_METHOD_MATCH = YES;
				COPY_PHASE_STRIP = NO;
				DEBUG_INFORMATION_FORMAT = "dwarf-with-dsym";
				ENABLE_NS_ASSERTIONS = NO;
				ENABLE_STRICT_OBJC_MSGSEND = YES;
				GCC_C_LANGUAGE_STANDARD = gnu11;
				GCC_NO_COMMON_BLOCKS = YES;
				GCC_WARN_64_TO_32_BIT_CONVERSION = YES;
				GCC_WARN_ABOUT_RETURN_TYPE = YES_ERROR;
				GCC_WARN_UNDECLARED_SELECTOR = YES;
				GCC_WARN_UNINITIALIZED_AUTOS = YES_AGGRESSIVE;
				GCC_WARN_UNUSED_FUNCTION = YES;
				GCC_WARN_UNUSED_VARIABLE = YES;
				IPHONEOS_DEPLOYMENT_TARGET = 15.2;
				MTL_ENABLE_DEBUG_INFO = NO;
				MTL_FAST_MATH = YES;
				SDKROOT = iphoneos;
				SWIFT_COMPILATION_MODE = wholemodule;
				SWIFT_OPTIMIZATION_LEVEL = "-O";
				VALIDATE_PRODUCT = YES;
			};
			name = Release;
		};
		04584341284447F800541261 /* Debug */ = {
			isa = XCBuildConfiguration;
			buildSettings = {
				ASSETCATALOG_COMPILER_APPICON_NAME = AppIcon;
				ASSETCATALOG_COMPILER_GLOBAL_ACCENT_COLOR_NAME = AccentColor;
				CODE_SIGN_STYLE = Automatic;
				CURRENT_PROJECT_VERSION = 1;
				DEVELOPMENT_TEAM = 2983LZ8PZ7;
				GENERATE_INFOPLIST_FILE = YES;
				INFOPLIST_FILE = "Instargam-clone/Info.plist";
				INFOPLIST_KEY_UIApplicationSupportsIndirectInputEvents = YES;
				INFOPLIST_KEY_UILaunchStoryboardName = LaunchScreen;
				INFOPLIST_KEY_UIMainStoryboardFile = Main;
				INFOPLIST_KEY_UISupportedInterfaceOrientations_iPad = "UIInterfaceOrientationPortrait UIInterfaceOrientationPortraitUpsideDown UIInterfaceOrientationLandscapeLeft UIInterfaceOrientationLandscapeRight";
				INFOPLIST_KEY_UISupportedInterfaceOrientations_iPhone = "UIInterfaceOrientationPortrait UIInterfaceOrientationLandscapeLeft UIInterfaceOrientationLandscapeRight";
				LD_RUNPATH_SEARCH_PATHS = (
					"$(inherited)",
					"@executable_path/Frameworks",
				);
				MARKETING_VERSION = 1.0;
				PRODUCT_BUNDLE_IDENTIFIER = "kz.aikhasnki.Instargam-clone";
				PRODUCT_NAME = "$(TARGET_NAME)";
				SWIFT_EMIT_LOC_STRINGS = YES;
				SWIFT_VERSION = 5.0;
				TARGETED_DEVICE_FAMILY = "1,2";
			};
			name = Debug;
		};
		04584342284447F800541261 /* Release */ = {
			isa = XCBuildConfiguration;
			buildSettings = {
				ASSETCATALOG_COMPILER_APPICON_NAME = AppIcon;
				ASSETCATALOG_COMPILER_GLOBAL_ACCENT_COLOR_NAME = AccentColor;
				CODE_SIGN_STYLE = Automatic;
				CURRENT_PROJECT_VERSION = 1;
				DEVELOPMENT_TEAM = 2983LZ8PZ7;
				GENERATE_INFOPLIST_FILE = YES;
				INFOPLIST_FILE = "Instargam-clone/Info.plist";
				INFOPLIST_KEY_UIApplicationSupportsIndirectInputEvents = YES;
				INFOPLIST_KEY_UILaunchStoryboardName = LaunchScreen;
				INFOPLIST_KEY_UIMainStoryboardFile = Main;
				INFOPLIST_KEY_UISupportedInterfaceOrientations_iPad = "UIInterfaceOrientationPortrait UIInterfaceOrientationPortraitUpsideDown UIInterfaceOrientationLandscapeLeft UIInterfaceOrientationLandscapeRight";
				INFOPLIST_KEY_UISupportedInterfaceOrientations_iPhone = "UIInterfaceOrientationPortrait UIInterfaceOrientationLandscapeLeft UIInterfaceOrientationLandscapeRight";
				LD_RUNPATH_SEARCH_PATHS = (
					"$(inherited)",
					"@executable_path/Frameworks",
				);
				MARKETING_VERSION = 1.0;
				PRODUCT_BUNDLE_IDENTIFIER = "kz.aikhasnki.Instargam-clone";
				PRODUCT_NAME = "$(TARGET_NAME)";
				SWIFT_EMIT_LOC_STRINGS = YES;
				SWIFT_VERSION = 5.0;
				TARGETED_DEVICE_FAMILY = "1,2";
			};
			name = Release;
		};
/* End XCBuildConfiguration section */

/* Begin XCConfigurationList section */
		04584327284447F600541261 /* Build configuration list for PBXProject "Instargam-clone" */ = {
			isa = XCConfigurationList;
			buildConfigurations = (
				0458433E284447F800541261 /* Debug */,
				0458433F284447F800541261 /* Release */,
			);
			defaultConfigurationIsVisible = 0;
			defaultConfigurationName = Release;
		};
		04584340284447F800541261 /* Build configuration list for PBXNativeTarget "Instargam-clone" */ = {
			isa = XCConfigurationList;
			buildConfigurations = (
				04584341284447F800541261 /* Debug */,
				04584342284447F800541261 /* Release */,
			);
			defaultConfigurationIsVisible = 0;
			defaultConfigurationName = Release;
		};
/* End XCConfigurationList section */
	};
	rootObject = 04584324284447F600541261 /* Project object */;
}
